
Microsoft Visual Studio Solution File, Format Version 12.00
# Visual Studio Version 16
VisualStudioVersion = 16.0.29409.12
MinimumVisualStudioVersion = 10.0.40219.1
Project("{FAE04EC0-301F-11D3-BF4B-00C04F79EFBC}") = "DepartmentsEmployees", "DepartmentsEmployees\DepartmentsEmployees.csproj", "{A76DCC56-FE52-49EF-9132-243089BE8E0E}"
EndProject
Global
	GlobalSection(SolutionConfigurationPlatforms) = preSolution
		Debug|Any CPU = Debug|Any CPU
		Release|Any CPU = Release|Any CPU
	EndGlobalSection
	GlobalSection(ProjectConfigurationPlatforms) = postSolution
		{A76DCC56-FE52-49EF-9132-243089BE8E0E}.Debug|Any CPU.ActiveCfg = Debug|Any CPU
		{A76DCC56-FE52-49EF-9132-243089BE8E0E}.Debug|Any CPU.Build.0 = Debug|Any CPU
		{A76DCC56-FE52-49EF-9132-243089BE8E0E}.Release|Any CPU.ActiveCfg = Release|Any CPU
		{A76DCC56-FE52-49EF-9132-243089BE8E0E}.Release|Any CPU.Build.0 = Release|Any CPU
	EndGlobalSection
	GlobalSection(SolutionProperties) = preSolution
		HideSolutionNode = FALSE
	EndGlobalSection
	GlobalSection(ExtensibilityGlobals) = postSolution
		SolutionGuid = {BF79304D-CB9A-4E14-AB46-5FE331793BAA}
	EndGlobalSection
EndGlobal
